
Microsoft Visual Studio Solution File, Format Version 12.00
# Visual Studio Version 17
VisualStudioVersion = 17.0.31903.59
MinimumVisualStudioVersion = 10.0.40219.1
Project("{2150E333-8FDC-42A3-9474-1A3956D46DE8}") = "recode", "recode", "{B75E1F63-7CBF-4C07-B9BE-572FA688FCFF}"
EndProject
Project("{2150E333-8FDC-42A3-9474-1A3956D46DE8}") = "desenvolvimento-web-basico", "desenvolvimento-web-basico", "{FFD9E2F4-1459-4164-B945-0280E4DED099}"
EndProject
Project("{2150E333-8FDC-42A3-9474-1A3956D46DE8}") = "back-end", "back-end", "{90BB3FB5-2D4D-495A-AAFA-DC8D1B407EF9}"
EndProject
Project("{FAE04EC0-301F-11D3-BF4B-00C04F79EFBC}") = "Primeiro", "recode\desenvolvimento-web-basico\back-end\Primeiro\Primeiro.csproj", "{9A3639DE-FA7D-4567-8791-AD85FFDD63F4}"
EndProject
Global
	GlobalSection(SolutionConfigurationPlatforms) = preSolution
		Debug|Any CPU = Debug|Any CPU
		Release|Any CPU = Release|Any CPU
	EndGlobalSection
	GlobalSection(SolutionProperties) = preSolution
		HideSolutionNode = FALSE
	EndGlobalSection
	GlobalSection(ProjectConfigurationPlatforms) = postSolution
		{9A3639DE-FA7D-4567-8791-AD85FFDD63F4}.Debug|Any CPU.ActiveCfg = Debug|Any CPU
		{9A3639DE-FA7D-4567-8791-AD85FFDD63F4}.Debug|Any CPU.Build.0 = Debug|Any CPU
		{9A3639DE-FA7D-4567-8791-AD85FFDD63F4}.Release|Any CPU.ActiveCfg = Release|Any CPU
		{9A3639DE-FA7D-4567-8791-AD85FFDD63F4}.Release|Any CPU.Build.0 = Release|Any CPU
	EndGlobalSection
	GlobalSection(NestedProjects) = preSolution
		{FFD9E2F4-1459-4164-B945-0280E4DED099} = {B75E1F63-7CBF-4C07-B9BE-572FA688FCFF}
		{90BB3FB5-2D4D-495A-AAFA-DC8D1B407EF9} = {FFD9E2F4-1459-4164-B945-0280E4DED099}
		{9A3639DE-FA7D-4567-8791-AD85FFDD63F4} = {90BB3FB5-2D4D-495A-AAFA-DC8D1B407EF9}
	EndGlobalSection
EndGlobal

Pergunta 4: Analise as seguintes afirmações sobre recursos avançados de revisão no Microsoft Word:
I. O recurso "Comparar Documentos" permite visualizar as diferenças entre duas versões diferentes de um mesmo documento.
II. A função "Revisão de Texto" oferece sugestões de gramática e ortografia para melhorar a qualidade do texto.
III. A opção "Proteger Documento" permite restringir a edição de um documento, permitindo que apenas usuários autorizados façam alterações.
IV. O recurso "Controlar Alterações" registra todas as edições feitas em um documento, incluindo adições, exclusões e alterações de formatação.

Quais afirmações estão corretas?
a) I e II apenas.
b) I e III apenas.
c) II e IV apenas.
d) III e IV apenas.
e) I, II, III e IV.

 A) e) I, II, III e IV.

 B) a) I e II apenas.

 C) b) I e III apenas.

 D) c) II e IV apenas.

 E) d) III e IV apenas.

